{
  "version": 4,
  "terraform_version": "1.5.2",
  "serial": 17,
  "lineage": "342a5653-59f4-6e46-9270-2bb8a4e66bfe",
  "outputs": {
    "function_uri": {
      "value": "https://get-all-elements-function-wnesi7xora-uc.a.run.app",
      "type": "string"
    }
  },
  "resources": [
    {
      "mode": "managed",
      "type": "google_cloudfunctions2_function",
      "name": "get-all-function",
      "provider": "provider[\"registry.terraform.io/hashicorp/google\"]",
      "instances": [
        {
          "schema_version": 0,
          "attributes": {
            "build_config": [
              {
                "build": "projects/833542039833/locations/us-central1/builds/981f8a8f-2b76-4753-88cc-8ad0492f61f9",
                "docker_repository": "",
                "entry_point": "getAllEMP",
                "environment_variables": {},
                "runtime": "go120",
                "source": [
                  {
                    "repo_source": [],
                    "storage_source": [
                      {
                        "bucket": "rest-crud_api-function-code-bucket",
                        "generation": 0,
                        "object": "get-all-cloud-function-code"
                      }
                    ]
                  }
                ],
                "worker_pool": ""
              }
            ],
            "description": "function to get all entries from the database",
            "environment": "GEN_2",
            "event_trigger": [],
            "id": "projects/terraform-task-392713/locations/us-central1/functions/get_all_elements_function",
            "labels": null,
            "location": "us-central1",
            "name": "get_all_elements_function",
            "project": "terraform-task-392713",
            "service_config": [
              {
                "all_traffic_on_latest_revision": true,
                "available_cpu": "0.1666",
                "available_memory": "256M",
                "environment_variables": null,
                "gcf_uri": "",
                "ingress_settings": "ALLOW_ALL",
                "max_instance_count": 1,
                "max_instance_request_concurrency": 1,
                "min_instance_count": 0,
                "secret_environment_variables": [],
                "secret_volumes": [],
                "service": "projects/terraform-task-392713/locations/us-central1/services/get-all-elements-function",
                "service_account_email": "833542039833-compute@developer.gserviceaccount.com",
                "timeout_seconds": 60,
                "uri": "https://get-all-elements-function-wnesi7xora-uc.a.run.app",
                "vpc_connector": "",
                "vpc_connector_egress_settings": ""
              }
            ],
            "state": "ACTIVE",
            "timeouts": null,
            "update_time": "2023-07-13T16:41:56.340201826Z",
            "url": "https://us-central1-terraform-task-392713.cloudfunctions.net/get_all_elements_function"
          },
          "sensitive_attributes": [],
          "private": "eyJlMmJmYjczMC1lY2FhLTExZTYtOGY4OC0zNDM2M2JjN2M0YzAiOnsiY3JlYXRlIjozNjAwMDAwMDAwMDAwLCJkZWxldGUiOjM2MDAwMDAwMDAwMDAsInVwZGF0ZSI6MzYwMDAwMDAwMDAwMH19",
          "dependencies": [
            "google_storage_bucket_object.get_all-code"
          ]
        }
      ]
    },
    {
      "mode": "managed",
      "type": "google_cloudfunctions2_function_iam_member",
      "name": "invoker",
      "provider": "provider[\"registry.terraform.io/hashicorp/google\"]",
      "instances": [
        {
          "schema_version": 0,
          "attributes": {
            "cloud_function": "projects/terraform-task-392713/locations/us-central1/functions/get_all_elements_function",
            "condition": [],
            "etag": "BwYAYQL9GSc=",
            "id": "projects/terraform-task-392713/locations/us-central1/functions/get_all_elements_function/roles/cloudfunctions.invoker/allUsers",
            "location": "us-central1",
            "member": "allUsers",
            "project": "terraform-task-392713",
            "role": "roles/cloudfunctions.invoker"
          },
          "sensitive_attributes": [],
          "private": "bnVsbA==",
          "dependencies": [
            "google_cloudfunctions2_function.get-all-function",
            "google_storage_bucket_object.get_all-code"
          ]
        }
      ]
    },
    {
      "mode": "managed",
      "type": "google_storage_bucket_object",
      "name": "get_all-code",
      "provider": "provider[\"registry.terraform.io/hashicorp/google\"]",
      "instances": [
        {
          "schema_version": 0,
          "attributes": {
            "bucket": "rest-crud_api-function-code-bucket",
            "cache_control": "",
            "content": null,
            "content_disposition": "",
            "content_encoding": "",
            "content_language": "",
            "content_type": "application/zip",
            "crc32c": "iQm4yw==",
            "customer_encryption": [],
            "detect_md5hash": "z9872+3iKf+87V2bNGdZqw==",
            "event_based_hold": false,
            "id": "rest-crud_api-function-code-bucket-get-all-cloud-function-code",
            "kms_key_name": "",
            "md5hash": "z9872+3iKf+87V2bNGdZqw==",
            "media_link": "https://storage.googleapis.com/download/storage/v1/b/rest-crud_api-function-code-bucket/o/get-all-cloud-function-code?generation=1689266356034115\u0026alt=media",
            "metadata": null,
            "name": "get-all-cloud-function-code",
            "output_name": "get-all-cloud-function-code",
            "self_link": "https://www.googleapis.com/storage/v1/b/rest-crud_api-function-code-bucket/o/get-all-cloud-function-code",
            "source": "../artifacts/get_all_function.zip",
            "storage_class": "STANDARD",
            "temporary_hold": false,
            "timeouts": null
          },
          "sensitive_attributes": [],
          "private": "eyJlMmJmYjczMC1lY2FhLTExZTYtOGY4OC0zNDM2M2JjN2M0YzAiOnsiY3JlYXRlIjoyNDAwMDAwMDAwMDAsImRlbGV0ZSI6MjQwMDAwMDAwMDAwLCJ1cGRhdGUiOjI0MDAwMDAwMDAwMH19"
        }
      ]
    }
  ],
  "check_results": null
}
